
Microsoft Visual Studio Solution File, Format Version 12.00
# Visual Studio Version 17
VisualStudioVersion = 17.6.33815.320
MinimumVisualStudioVersion = 10.0.40219.1
Project("{9A19103F-16F7-4668-BE54-9A1E7A4F7556}") = "CreatePDF", "CreatePDF\CreatePDF.csproj", "{2D78C81B-AFE0-4E2A-A79C-977086DA849F}"
EndProject
Project("{E53339B2-1760-4266-BCC7-CA923CBCF16C}") = "docker-compose", "docker-compose.dcproj", "{49AFAFDD-022B-4114-B478-B677A1E47B2F}"
EndProject
Global
	GlobalSection(SolutionConfigurationPlatforms) = preSolution
		Debug|Any CPU = Debug|Any CPU
		Release|Any CPU = Release|Any CPU
	EndGlobalSection
	GlobalSection(ProjectConfigurationPlatforms) = postSolution
		{2D78C81B-AFE0-4E2A-A79C-977086DA849F}.Debug|Any CPU.ActiveCfg = Debug|Any CPU
		{2D78C81B-AFE0-4E2A-A79C-977086DA849F}.Debug|Any CPU.Build.0 = Debug|Any CPU
		{2D78C81B-AFE0-4E2A-A79C-977086DA849F}.Release|Any CPU.ActiveCfg = Release|Any CPU
		{2D78C81B-AFE0-4E2A-A79C-977086DA849F}.Release|Any CPU.Build.0 = Release|Any CPU
		{49AFAFDD-022B-4114-B478-B677A1E47B2F}.Debug|Any CPU.ActiveCfg = Debug|Any CPU
		{49AFAFDD-022B-4114-B478-B677A1E47B2F}.Debug|Any CPU.Build.0 = Debug|Any CPU
		{49AFAFDD-022B-4114-B478-B677A1E47B2F}.Release|Any CPU.ActiveCfg = Release|Any CPU
		{49AFAFDD-022B-4114-B478-B677A1E47B2F}.Release|Any CPU.Build.0 = Release|Any CPU
	EndGlobalSection
	GlobalSection(SolutionProperties) = preSolution
		HideSolutionNode = FALSE
	EndGlobalSection
	GlobalSection(ExtensibilityGlobals) = postSolution
		SolutionGuid = {43C3BCDC-6242-44DA-A12A-92FD6237DB1E}
	EndGlobalSection
EndGlobal
